
Microsoft Visual Studio Solution File, Format Version 12.00
# Visual Studio Version 16
VisualStudioVersion = 16.0.31729.503
MinimumVisualStudioVersion = 10.0.40219.1
Project("{FAE04EC0-301F-11D3-BF4B-00C04F79EFBC}") = "TestApp", "TestApp\TestApp.csproj", "{F48FDA63-5EF8-45BA-B545-408C1443ABC1}"
EndProject
Global
	GlobalSection(SolutionConfigurationPlatforms) = preSolution
		Debug|Any CPU = Debug|Any CPU
		Release|Any CPU = Release|Any CPU
	EndGlobalSection
	GlobalSection(ProjectConfigurationPlatforms) = postSolution
		{F48FDA63-5EF8-45BA-B545-408C1443ABC1}.Debug|Any CPU.ActiveCfg = Debug|Any CPU
		{F48FDA63-5EF8-45BA-B545-408C1443ABC1}.Debug|Any CPU.Build.0 = Debug|Any CPU
		{F48FDA63-5EF8-45BA-B545-408C1443ABC1}.Release|Any CPU.ActiveCfg = Release|Any CPU
		{F48FDA63-5EF8-45BA-B545-408C1443ABC1}.Release|Any CPU.Build.0 = Release|Any CPU
	EndGlobalSection
	GlobalSection(SolutionProperties) = preSolution
		HideSolutionNode = FALSE
	EndGlobalSection
	GlobalSection(ExtensibilityGlobals) = postSolution
		SolutionGuid = {0583A11C-AE3F-43E3-A4D5-40B76C4654CA}
	EndGlobalSection
EndGlobal
